
Microsoft Visual Studio Solution File, Format Version 12.00
# Visual Studio Version 16
VisualStudioVersion = 16.0.34114.132
MinimumVisualStudioVersion = 10.0.40219.1
Project("{FAE04EC0-301F-11D3-BF4B-00C04F79EFBC}") = "BookStore", "BookStore\BookStore.csproj", "{745954CC-1184-4CF4-A916-C853CB4C8110}"
EndProject
Global
	GlobalSection(SolutionConfigurationPlatforms) = preSolution
		Debug|Any CPU = Debug|Any CPU
		Release|Any CPU = Release|Any CPU
	EndGlobalSection
	GlobalSection(ProjectConfigurationPlatforms) = postSolution
		{745954CC-1184-4CF4-A916-C853CB4C8110}.Debug|Any CPU.ActiveCfg = Debug|Any CPU
		{745954CC-1184-4CF4-A916-C853CB4C8110}.Debug|Any CPU.Build.0 = Debug|Any CPU
		{745954CC-1184-4CF4-A916-C853CB4C8110}.Release|Any CPU.ActiveCfg = Release|Any CPU
		{745954CC-1184-4CF4-A916-C853CB4C8110}.Release|Any CPU.Build.0 = Release|Any CPU
	EndGlobalSection
	GlobalSection(SolutionProperties) = preSolution
		HideSolutionNode = FALSE
	EndGlobalSection
	GlobalSection(ExtensibilityGlobals) = postSolution
		SolutionGuid = {77D2D83B-F180-4237-BA13-CEA5A13E46B6}
	EndGlobalSection
EndGlobal
